
Microsoft Visual Studio Solution File, Format Version 12.00
# Visual Studio Version 17
VisualStudioVersion = 17.10.35201.131
MinimumVisualStudioVersion = 10.0.40219.1
Project("{9A19103F-16F7-4668-BE54-9A1E7A4F7556}") = "Real-time_weather", "Real-time_weather\Real-time_weather.csproj", "{DA86F080-C978-475D-8846-F59CB619272B}"
EndProject
Project("{9A19103F-16F7-4668-BE54-9A1E7A4F7556}") = "Real-time_weather.Test", "Real-time_weather.Test\Real-time_weather.Test.csproj", "{AE873AA6-989D-4114-A5B6-2B4432C6AC73}"
EndProject
Global
	GlobalSection(SolutionConfigurationPlatforms) = preSolution
		Debug|Any CPU = Debug|Any CPU
		Release|Any CPU = Release|Any CPU
	EndGlobalSection
	GlobalSection(ProjectConfigurationPlatforms) = postSolution
		{DA86F080-C978-475D-8846-F59CB619272B}.Debug|Any CPU.ActiveCfg = Debug|Any CPU
		{DA86F080-C978-475D-8846-F59CB619272B}.Debug|Any CPU.Build.0 = Debug|Any CPU
		{DA86F080-C978-475D-8846-F59CB619272B}.Release|Any CPU.ActiveCfg = Release|Any CPU
		{DA86F080-C978-475D-8846-F59CB619272B}.Release|Any CPU.Build.0 = Release|Any CPU
		{AE873AA6-989D-4114-A5B6-2B4432C6AC73}.Debug|Any CPU.ActiveCfg = Debug|Any CPU
		{AE873AA6-989D-4114-A5B6-2B4432C6AC73}.Debug|Any CPU.Build.0 = Debug|Any CPU
		{AE873AA6-989D-4114-A5B6-2B4432C6AC73}.Release|Any CPU.ActiveCfg = Release|Any CPU
		{AE873AA6-989D-4114-A5B6-2B4432C6AC73}.Release|Any CPU.Build.0 = Release|Any CPU
	EndGlobalSection
	GlobalSection(SolutionProperties) = preSolution
		HideSolutionNode = FALSE
	EndGlobalSection
	GlobalSection(ExtensibilityGlobals) = postSolution
		SolutionGuid = {8AE0E9B3-B7B4-4306-ABCC-EE109FBC0C4C}
	EndGlobalSection
EndGlobal
